
Microsoft Visual Studio Solution File, Format Version 12.00
# Visual Studio Version 17
VisualStudioVersion = 17.0.31903.59
MinimumVisualStudioVersion = 10.0.40219.1
Project("{FAE04EC0-301F-11D3-BF4B-00C04F79EFBC}") = "Sales.Api", "Sales.Api\Sales.Api.csproj", "{923A33E5-D2B7-40B1-88A3-6A9A70F34D22}"
EndProject
Project("{FAE04EC0-301F-11D3-BF4B-00C04F79EFBC}") = "Sales.Application", "Sales.Application\Sales.Application.csproj", "{F9858A31-4BAA-4A54-8954-A9C3FA8928A0}"
EndProject
Project("{FAE04EC0-301F-11D3-BF4B-00C04F79EFBC}") = "Sales.Domain", "Sales.Domain\Sales.Domain.csproj", "{3817E38F-AE4D-4924-BABB-52CEB4E545CD}"
EndProject
Project("{FAE04EC0-301F-11D3-BF4B-00C04F79EFBC}") = "Sales.Infrastructure", "Sales.Infrastructure\Sales.Infrastructure.csproj", "{6AF92222-E847-4CD8-B778-0B8A895D4064}"
EndProject
Project("{FAE04EC0-301F-11D3-BF4B-00C04F79EFBC}") = "Sales.Persistence", "Sales.Persistence\Sales.Persistence.csproj", "{B37ADB62-89CB-424C-A37A-79ABCAF38BEB}"
EndProject
Project("{FAE04EC0-301F-11D3-BF4B-00C04F79EFBC}") = "Sales.Common", "Sales.Common\Sales.Common.csproj", "{645E91C1-3A78-494B-A10C-72A8DB6FEA1D}"
EndProject
Project("{FAE04EC0-301F-11D3-BF4B-00C04F79EFBC}") = "Sales.Tests", "Sales.Tests\Sales.Tests.csproj", "{C9FAB579-9BE2-4DE1-BD92-1BC59AAFD79D}"
EndProject
Global
	GlobalSection(SolutionConfigurationPlatforms) = preSolution
		Debug|Any CPU = Debug|Any CPU
		Debug|x64 = Debug|x64
		Debug|x86 = Debug|x86
		Release|Any CPU = Release|Any CPU
		Release|x64 = Release|x64
		Release|x86 = Release|x86
	EndGlobalSection
	GlobalSection(ProjectConfigurationPlatforms) = postSolution
		{923A33E5-D2B7-40B1-88A3-6A9A70F34D22}.Debug|Any CPU.ActiveCfg = Debug|Any CPU
		{923A33E5-D2B7-40B1-88A3-6A9A70F34D22}.Debug|Any CPU.Build.0 = Debug|Any CPU
		{923A33E5-D2B7-40B1-88A3-6A9A70F34D22}.Debug|x64.ActiveCfg = Debug|Any CPU
		{923A33E5-D2B7-40B1-88A3-6A9A70F34D22}.Debug|x64.Build.0 = Debug|Any CPU
		{923A33E5-D2B7-40B1-88A3-6A9A70F34D22}.Debug|x86.ActiveCfg = Debug|Any CPU
		{923A33E5-D2B7-40B1-88A3-6A9A70F34D22}.Debug|x86.Build.0 = Debug|Any CPU
		{923A33E5-D2B7-40B1-88A3-6A9A70F34D22}.Release|Any CPU.ActiveCfg = Release|Any CPU
		{923A33E5-D2B7-40B1-88A3-6A9A70F34D22}.Release|Any CPU.Build.0 = Release|Any CPU
		{923A33E5-D2B7-40B1-88A3-6A9A70F34D22}.Release|x64.ActiveCfg = Release|Any CPU
		{923A33E5-D2B7-40B1-88A3-6A9A70F34D22}.Release|x64.Build.0 = Release|Any CPU
		{923A33E5-D2B7-40B1-88A3-6A9A70F34D22}.Release|x86.ActiveCfg = Release|Any CPU
		{923A33E5-D2B7-40B1-88A3-6A9A70F34D22}.Release|x86.Build.0 = Release|Any CPU
		{F9858A31-4BAA-4A54-8954-A9C3FA8928A0}.Debug|Any CPU.ActiveCfg = Debug|Any CPU
		{F9858A31-4BAA-4A54-8954-A9C3FA8928A0}.Debug|Any CPU.Build.0 = Debug|Any CPU
		{F9858A31-4BAA-4A54-8954-A9C3FA8928A0}.Debug|x64.ActiveCfg = Debug|Any CPU
		{F9858A31-4BAA-4A54-8954-A9C3FA8928A0}.Debug|x64.Build.0 = Debug|Any CPU
		{F9858A31-4BAA-4A54-8954-A9C3FA8928A0}.Debug|x86.ActiveCfg = Debug|Any CPU
		{F9858A31-4BAA-4A54-8954-A9C3FA8928A0}.Debug|x86.Build.0 = Debug|Any CPU
		{F9858A31-4BAA-4A54-8954-A9C3FA8928A0}.Release|Any CPU.ActiveCfg = Release|Any CPU
		{F9858A31-4BAA-4A54-8954-A9C3FA8928A0}.Release|Any CPU.Build.0 = Release|Any CPU
		{F9858A31-4BAA-4A54-8954-A9C3FA8928A0}.Release|x64.ActiveCfg = Release|Any CPU
		{F9858A31-4BAA-4A54-8954-A9C3FA8928A0}.Release|x64.Build.0 = Release|Any CPU
		{F9858A31-4BAA-4A54-8954-A9C3FA8928A0}.Release|x86.ActiveCfg = Release|Any CPU
		{F9858A31-4BAA-4A54-8954-A9C3FA8928A0}.Release|x86.Build.0 = Release|Any CPU
		{3817E38F-AE4D-4924-BABB-52CEB4E545CD}.Debug|Any CPU.ActiveCfg = Debug|Any CPU
		{3817E38F-AE4D-4924-BABB-52CEB4E545CD}.Debug|Any CPU.Build.0 = Debug|Any CPU
		{3817E38F-AE4D-4924-BABB-52CEB4E545CD}.Debug|x64.ActiveCfg = Debug|Any CPU
		{3817E38F-AE4D-4924-BABB-52CEB4E545CD}.Debug|x64.Build.0 = Debug|Any CPU
		{3817E38F-AE4D-4924-BABB-52CEB4E545CD}.Debug|x86.ActiveCfg = Debug|Any CPU
		{3817E38F-AE4D-4924-BABB-52CEB4E545CD}.Debug|x86.Build.0 = Debug|Any CPU
		{3817E38F-AE4D-4924-BABB-52CEB4E545CD}.Release|Any CPU.ActiveCfg = Release|Any CPU
		{3817E38F-AE4D-4924-BABB-52CEB4E545CD}.Release|Any CPU.Build.0 = Release|Any CPU
		{3817E38F-AE4D-4924-BABB-52CEB4E545CD}.Release|x64.ActiveCfg = Release|Any CPU
		{3817E38F-AE4D-4924-BABB-52CEB4E545CD}.Release|x64.Build.0 = Release|Any CPU
		{3817E38F-AE4D-4924-BABB-52CEB4E545CD}.Release|x86.ActiveCfg = Release|Any CPU
		{3817E38F-AE4D-4924-BABB-52CEB4E545CD}.Release|x86.Build.0 = Release|Any CPU
		{6AF92222-E847-4CD8-B778-0B8A895D4064}.Debug|Any CPU.ActiveCfg = Debug|Any CPU
		{6AF92222-E847-4CD8-B778-0B8A895D4064}.Debug|Any CPU.Build.0 = Debug|Any CPU
		{6AF92222-E847-4CD8-B778-0B8A895D4064}.Debug|x64.ActiveCfg = Debug|Any CPU
		{6AF92222-E847-4CD8-B778-0B8A895D4064}.Debug|x64.Build.0 = Debug|Any CPU
		{6AF92222-E847-4CD8-B778-0B8A895D4064}.Debug|x86.ActiveCfg = Debug|Any CPU
		{6AF92222-E847-4CD8-B778-0B8A895D4064}.Debug|x86.Build.0 = Debug|Any CPU
		{6AF92222-E847-4CD8-B778-0B8A895D4064}.Release|Any CPU.ActiveCfg = Release|Any CPU
		{6AF92222-E847-4CD8-B778-0B8A895D4064}.Release|Any CPU.Build.0 = Release|Any CPU
		{6AF92222-E847-4CD8-B778-0B8A895D4064}.Release|x64.ActiveCfg = Release|Any CPU
		{6AF92222-E847-4CD8-B778-0B8A895D4064}.Release|x64.Build.0 = Release|Any CPU
		{6AF92222-E847-4CD8-B778-0B8A895D4064}.Release|x86.ActiveCfg = Release|Any CPU
		{6AF92222-E847-4CD8-B778-0B8A895D4064}.Release|x86.Build.0 = Release|Any CPU
		{B37ADB62-89CB-424C-A37A-79ABCAF38BEB}.Debug|Any CPU.ActiveCfg = Debug|Any CPU
		{B37ADB62-89CB-424C-A37A-79ABCAF38BEB}.Debug|Any CPU.Build.0 = Debug|Any CPU
		{B37ADB62-89CB-424C-A37A-79ABCAF38BEB}.Debug|x64.ActiveCfg = Debug|Any CPU
		{B37ADB62-89CB-424C-A37A-79ABCAF38BEB}.Debug|x64.Build.0 = Debug|Any CPU
		{B37ADB62-89CB-424C-A37A-79ABCAF38BEB}.Debug|x86.ActiveCfg = Debug|Any CPU
		{B37ADB62-89CB-424C-A37A-79ABCAF38BEB}.Debug|x86.Build.0 = Debug|Any CPU
		{B37ADB62-89CB-424C-A37A-79ABCAF38BEB}.Release|Any CPU.ActiveCfg = Release|Any CPU
		{B37ADB62-89CB-424C-A37A-79ABCAF38BEB}.Release|Any CPU.Build.0 = Release|Any CPU
		{B37ADB62-89CB-424C-A37A-79ABCAF38BEB}.Release|x64.ActiveCfg = Release|Any CPU
		{B37ADB62-89CB-424C-A37A-79ABCAF38BEB}.Release|x64.Build.0 = Release|Any CPU
		{B37ADB62-89CB-424C-A37A-79ABCAF38BEB}.Release|x86.ActiveCfg = Release|Any CPU
		{B37ADB62-89CB-424C-A37A-79ABCAF38BEB}.Release|x86.Build.0 = Release|Any CPU
		{645E91C1-3A78-494B-A10C-72A8DB6FEA1D}.Debug|Any CPU.ActiveCfg = Debug|Any CPU
		{645E91C1-3A78-494B-A10C-72A8DB6FEA1D}.Debug|Any CPU.Build.0 = Debug|Any CPU
		{645E91C1-3A78-494B-A10C-72A8DB6FEA1D}.Debug|x64.ActiveCfg = Debug|Any CPU
		{645E91C1-3A78-494B-A10C-72A8DB6FEA1D}.Debug|x64.Build.0 = Debug|Any CPU
		{645E91C1-3A78-494B-A10C-72A8DB6FEA1D}.Debug|x86.ActiveCfg = Debug|Any CPU
		{645E91C1-3A78-494B-A10C-72A8DB6FEA1D}.Debug|x86.Build.0 = Debug|Any CPU
		{645E91C1-3A78-494B-A10C-72A8DB6FEA1D}.Release|Any CPU.ActiveCfg = Release|Any CPU
		{645E91C1-3A78-494B-A10C-72A8DB6FEA1D}.Release|Any CPU.Build.0 = Release|Any CPU
		{645E91C1-3A78-494B-A10C-72A8DB6FEA1D}.Release|x64.ActiveCfg = Release|Any CPU
		{645E91C1-3A78-494B-A10C-72A8DB6FEA1D}.Release|x64.Build.0 = Release|Any CPU
		{645E91C1-3A78-494B-A10C-72A8DB6FEA1D}.Release|x86.ActiveCfg = Release|Any CPU
		{645E91C1-3A78-494B-A10C-72A8DB6FEA1D}.Release|x86.Build.0 = Release|Any CPU
		{9A413DBF-0489-458E-836B-41109EBC3BA4}.Debug|Any CPU.ActiveCfg = Debug|Any CPU
		{9A413DBF-0489-458E-836B-41109EBC3BA4}.Debug|Any CPU.Build.0 = Debug|Any CPU
		{9A413DBF-0489-458E-836B-41109EBC3BA4}.Debug|x64.ActiveCfg = Debug|Any CPU
		{9A413DBF-0489-458E-836B-41109EBC3BA4}.Debug|x64.Build.0 = Debug|Any CPU
		{9A413DBF-0489-458E-836B-41109EBC3BA4}.Debug|x86.ActiveCfg = Debug|Any CPU
		{9A413DBF-0489-458E-836B-41109EBC3BA4}.Debug|x86.Build.0 = Debug|Any CPU
		{9A413DBF-0489-458E-836B-41109EBC3BA4}.Release|Any CPU.ActiveCfg = Release|Any CPU
		{9A413DBF-0489-458E-836B-41109EBC3BA4}.Release|Any CPU.Build.0 = Release|Any CPU
		{9A413DBF-0489-458E-836B-41109EBC3BA4}.Release|x64.ActiveCfg = Release|Any CPU
		{9A413DBF-0489-458E-836B-41109EBC3BA4}.Release|x64.Build.0 = Release|Any CPU
		{9A413DBF-0489-458E-836B-41109EBC3BA4}.Release|x86.ActiveCfg = Release|Any CPU
		{9A413DBF-0489-458E-836B-41109EBC3BA4}.Release|x86.Build.0 = Release|Any CPU
		{C9FAB579-9BE2-4DE1-BD92-1BC59AAFD79D}.Debug|Any CPU.ActiveCfg = Debug|Any CPU
		{C9FAB579-9BE2-4DE1-BD92-1BC59AAFD79D}.Debug|Any CPU.Build.0 = Debug|Any CPU
		{C9FAB579-9BE2-4DE1-BD92-1BC59AAFD79D}.Debug|x64.ActiveCfg = Debug|Any CPU
		{C9FAB579-9BE2-4DE1-BD92-1BC59AAFD79D}.Debug|x64.Build.0 = Debug|Any CPU
		{C9FAB579-9BE2-4DE1-BD92-1BC59AAFD79D}.Debug|x86.ActiveCfg = Debug|Any CPU
		{C9FAB579-9BE2-4DE1-BD92-1BC59AAFD79D}.Debug|x86.Build.0 = Debug|Any CPU
		{C9FAB579-9BE2-4DE1-BD92-1BC59AAFD79D}.Release|Any CPU.ActiveCfg = Release|Any CPU
		{C9FAB579-9BE2-4DE1-BD92-1BC59AAFD79D}.Release|Any CPU.Build.0 = Release|Any CPU
		{C9FAB579-9BE2-4DE1-BD92-1BC59AAFD79D}.Release|x64.ActiveCfg = Release|Any CPU
		{C9FAB579-9BE2-4DE1-BD92-1BC59AAFD79D}.Release|x64.Build.0 = Release|Any CPU
		{C9FAB579-9BE2-4DE1-BD92-1BC59AAFD79D}.Release|x86.ActiveCfg = Release|Any CPU
		{C9FAB579-9BE2-4DE1-BD92-1BC59AAFD79D}.Release|x86.Build.0 = Release|Any CPU
	EndGlobalSection
	GlobalSection(SolutionProperties) = preSolution
		HideSolutionNode = FALSE
	EndGlobalSection
EndGlobal
